// !$*UTF8*$!
{
	archiveVersion = 1;
	classes = {
	};
	objectVersion = 56;
	objects = {

/* Begin PBXBuildFile section */
		0AAE9BBDCAD47DFE2AD570A6 /* Pods_MotoryTask.framework in Frameworks */ = {isa = PBXBuildFile; fileRef = 1327A5E9C00D6AF9DA1679D0 /* Pods_MotoryTask.framework */; };
		6320DECE2C02934A0010833F /* SearchListModel.swift in Sources */ = {isa = PBXBuildFile; fileRef = 6320DECD2C02934A0010833F /* SearchListModel.swift */; };
		63421C962C011225003A2280 /* AppDelegate.swift in Sources */ = {isa = PBXBuildFile; fileRef = 63421C952C011225003A2280 /* AppDelegate.swift */; };
		63421C982C011225003A2280 /* SceneDelegate.swift in Sources */ = {isa = PBXBuildFile; fileRef = 63421C972C011225003A2280 /* SceneDelegate.swift */; };
		63421C9A2C011225003A2280 /* SearchListViewController.swift in Sources */ = {isa = PBXBuildFile; fileRef = 63421C992C011225003A2280 /* SearchListViewController.swift */; };
		63421C9D2C011225003A2280 /* Base in Resources */ = {isa = PBXBuildFile; fileRef = 63421C9C2C011225003A2280 /* Base */; };
		63421C9F2C011227003A2280 /* Assets.xcassets in Resources */ = {isa = PBXBuildFile; fileRef = 63421C9E2C011227003A2280 /* Assets.xcassets */; };
		63421CA22C011227003A2280 /* Base in Resources */ = {isa = PBXBuildFile; fileRef = 63421CA12C011227003A2280 /* Base */; };
		63421CC12C011F10003A2280 /* RoundedView.swift in Sources */ = {isa = PBXBuildFile; fileRef = 63421CC02C011F10003A2280 /* RoundedView.swift */; };
		63421CC42C012179003A2280 /* ResultCollectionViewCell.swift in Sources */ = {isa = PBXBuildFile; fileRef = 63421CC22C012179003A2280 /* ResultCollectionViewCell.swift */; };
		63421CC52C012179003A2280 /* ResultCollectionViewCell.xib in Resources */ = {isa = PBXBuildFile; fileRef = 63421CC32C012179003A2280 /* ResultCollectionViewCell.xib */; };
/* End PBXBuildFile section */

/* Begin PBXFileReference section */
		1327A5E9C00D6AF9DA1679D0 /* Pods_MotoryTask.framework */ = {isa = PBXFileReference; explicitFileType = wrapper.framework; includeInIndex = 0; path = Pods_MotoryTask.framework; sourceTree = BUILT_PRODUCTS_DIR; };
		6320DECD2C02934A0010833F /* SearchListModel.swift */ = {isa = PBXFileReference; lastKnownFileType = sourcecode.swift; path = SearchListModel.swift; sourceTree = "<group>"; };
		63421C922C011225003A2280 /* MotoryTask.app */ = {isa = PBXFileReference; explicitFileType = wrapper.application; includeInIndex = 0; path = MotoryTask.app; sourceTree = BUILT_PRODUCTS_DIR; };
		63421C952C011225003A2280 /* AppDelegate.swift */ = {isa = PBXFileReference; lastKnownFileType = sourcecode.swift; path = AppDelegate.swift; sourceTree = "<group>"; };
		63421C972C011225003A2280 /* SceneDelegate.swift */ = {isa = PBXFileReference; lastKnownFileType = sourcecode.swift; path = SceneDelegate.swift; sourceTree = "<group>"; };
		63421C992C011225003A2280 /* SearchListViewController.swift */ = {isa = PBXFileReference; lastKnownFileType = sourcecode.swift; path = SearchListViewController.swift; sourceTree = "<group>"; };
		63421C9C2C011225003A2280 /* Base */ = {isa = PBXFileReference; lastKnownFileType = file.storyboard; name = Base; path = Base.lproj/Main.storyboard; sourceTree = "<group>"; };
		63421C9E2C011227003A2280 /* Assets.xcassets */ = {isa = PBXFileReference; lastKnownFileType = folder.assetcatalog; path = Assets.xcassets; sourceTree = "<group>"; };
		63421CA12C011227003A2280 /* Base */ = {isa = PBXFileReference; lastKnownFileType = file.storyboard; name = Base; path = Base.lproj/LaunchScreen.storyboard; sourceTree = "<group>"; };
		63421CA32C011227003A2280 /* Info.plist */ = {isa = PBXFileReference; lastKnownFileType = text.plist.xml; path = Info.plist; sourceTree = "<group>"; };
		63421CC02C011F10003A2280 /* RoundedView.swift */ = {isa = PBXFileReference; lastKnownFileType = sourcecode.swift; path = RoundedView.swift; sourceTree = "<group>"; };
		63421CC22C012179003A2280 /* ResultCollectionViewCell.swift */ = {isa = PBXFileReference; lastKnownFileType = sourcecode.swift; path = ResultCollectionViewCell.swift; sourceTree = "<group>"; };
		63421CC32C012179003A2280 /* ResultCollectionViewCell.xib */ = {isa = PBXFileReference; lastKnownFileType = file.xib; path = ResultCollectionViewCell.xib; sourceTree = "<group>"; };
		8C1882BC91F64ED8F137D2CE /* Pods-MotoryTask.debug.xcconfig */ = {isa = PBXFileReference; includeInIndex = 1; lastKnownFileType = text.xcconfig; name = "Pods-MotoryTask.debug.xcconfig"; path = "Target Support Files/Pods-MotoryTask/Pods-MotoryTask.debug.xcconfig"; sourceTree = "<group>"; };
		BC540990591BDE14B9D405DC /* Pods-MotoryTask.release.xcconfig */ = {isa = PBXFileReference; includeInIndex = 1; lastKnownFileType = text.xcconfig; name = "Pods-MotoryTask.release.xcconfig"; path = "Target Support Files/Pods-MotoryTask/Pods-MotoryTask.release.xcconfig"; sourceTree = "<group>"; };
/* End PBXFileReference section */

/* Begin PBXFrameworksBuildPhase section */
		63421C8F2C011225003A2280 /* Frameworks */ = {
			isa = PBXFrameworksBuildPhase;
			buildActionMask = 2147483647;
			files = (
				0AAE9BBDCAD47DFE2AD570A6 /* Pods_MotoryTask.framework in Frameworks */,
			);
			runOnlyForDeploymentPostprocessing = 0;
		};
/* End PBXFrameworksBuildPhase section */

/* Begin PBXGroup section */
		58F7E8A1F76C6FD5FBFA8801 /* Frameworks */ = {
			isa = PBXGroup;
			children = (
				1327A5E9C00D6AF9DA1679D0 /* Pods_MotoryTask.framework */,
			);
			name = Frameworks;
			sourceTree = "<group>";
		};
		63421C892C011225003A2280 = {
			isa = PBXGroup;
			children = (
				63421C942C011225003A2280 /* MotoryTask */,
				63421C932C011225003A2280 /* Products */,
				BA931CE224E513F1A7CC1D0E /* Pods */,
				58F7E8A1F76C6FD5FBFA8801 /* Frameworks */,
			);
			sourceTree = "<group>";
		};
		63421C932C011225003A2280 /* Products */ = {
			isa = PBXGroup;
			children = (
				63421C922C011225003A2280 /* MotoryTask.app */,
			);
			name = Products;
			sourceTree = "<group>";
		};
		63421C942C011225003A2280 /* MotoryTask */ = {
			isa = PBXGroup;
			children = (
				63421CBF2C011EEE003A2280 /* Custom View */,
				63421C952C011225003A2280 /* AppDelegate.swift */,
				63421C972C011225003A2280 /* SceneDelegate.swift */,
				63421CAA2C011AEA003A2280 /* SearchList */,
				63421C9B2C011225003A2280 /* Main.storyboard */,
				63421C9E2C011227003A2280 /* Assets.xcassets */,
				63421CA02C011227003A2280 /* LaunchScreen.storyboard */,
				63421CA32C011227003A2280 /* Info.plist */,
			);
			path = MotoryTask;
			sourceTree = "<group>";
		};
		63421CAA2C011AEA003A2280 /* SearchList */ = {
			isa = PBXGroup;
			children = (
				63421CB02C011BEF003A2280 /* Cells */,
				63421CAF2C011BE8003A2280 /* Model */,
				63421CAB2C011B24003A2280 /* View */,
			);
			path = SearchList;
			sourceTree = "<group>";
		};
		63421CAB2C011B24003A2280 /* View */ = {
			isa = PBXGroup;
			children = (
				63421C992C011225003A2280 /* SearchListViewController.swift */,
			);
			path = View;
			sourceTree = "<group>";
		};
		63421CAF2C011BE8003A2280 /* Model */ = {
			isa = PBXGroup;
			children = (
				6320DECD2C02934A0010833F /* SearchListModel.swift */,
			);
			path = Model;
			sourceTree = "<group>";
		};
		63421CB02C011BEF003A2280 /* Cells */ = {
			isa = PBXGroup;
			children = (
				63421CB22C011C06003A2280 /* CollectionCells */,
			);
			path = Cells;
			sourceTree = "<group>";
		};
		63421CB22C011C06003A2280 /* CollectionCells */ = {
			isa = PBXGroup;
			children = (
				63421CB42C011CED003A2280 /* Results Cell */,
			);
			path = CollectionCells;
			sourceTree = "<group>";
		};
		63421CB42C011CED003A2280 /* Results Cell */ = {
			isa = PBXGroup;
			children = (
				63421CB52C011CF8003A2280 /* View */,
			);
			path = "Results Cell";
			sourceTree = "<group>";
		};
		63421CB52C011CF8003A2280 /* View */ = {
			isa = PBXGroup;
			children = (
				63421CC22C012179003A2280 /* ResultCollectionViewCell.swift */,
				63421CC32C012179003A2280 /* ResultCollectionViewCell.xib */,
			);
			path = View;
			sourceTree = "<group>";
		};
		63421CBF2C011EEE003A2280 /* Custom View */ = {
			isa = PBXGroup;
			children = (
				63421CC02C011F10003A2280 /* RoundedView.swift */,
			);
			path = "Custom View";
			sourceTree = "<group>";
		};
		BA931CE224E513F1A7CC1D0E /* Pods */ = {
			isa = PBXGroup;
			children = (
				8C1882BC91F64ED8F137D2CE /* Pods-MotoryTask.debug.xcconfig */,
				BC540990591BDE14B9D405DC /* Pods-MotoryTask.release.xcconfig */,
			);
			path = Pods;
			sourceTree = "<group>";
		};
/* End PBXGroup section */

/* Begin PBXNativeTarget section */
		63421C912C011225003A2280 /* MotoryTask */ = {
			isa = PBXNativeTarget;
			buildConfigurationList = 63421CA62C011227003A2280 /* Build configuration list for PBXNativeTarget "MotoryTask" */;
			buildPhases = (
				A51C4CF0869B2C78F45894B2 /* [CP] Check Pods Manifest.lock */,
				63421C8E2C011225003A2280 /* Sources */,
				63421C8F2C011225003A2280 /* Frameworks */,
				63421C902C011225003A2280 /* Resources */,
				10B585DE2EDF966051CA0A94 /* [CP] Embed Pods Frameworks */,
			);
			buildRules = (
			);
			dependencies = (
			);
			name = MotoryTask;
			productName = MotoryTask;
			productReference = 63421C922C011225003A2280 /* MotoryTask.app */;
			productType = "com.apple.product-type.application";
		};
/* End PBXNativeTarget section */

/* Begin PBXProject section */
		63421C8A2C011225003A2280 /* Project object */ = {
			isa = PBXProject;
			attributes = {
				BuildIndependentTargetsInParallel = 1;
				LastSwiftUpdateCheck = 1530;
				LastUpgradeCheck = 1530;
				TargetAttributes = {
					63421C912C011225003A2280 = {
						CreatedOnToolsVersion = 15.3;
					};
				};
			};
			buildConfigurationList = 63421C8D2C011225003A2280 /* Build configuration list for PBXProject "MotoryTask" */;
			compatibilityVersion = "Xcode 14.0";
			developmentRegion = en;
			hasScannedForEncodings = 0;
			knownRegions = (
				en,
				Base,
			);
			mainGroup = 63421C892C011225003A2280;
			productRefGroup = 63421C932C011225003A2280 /* Products */;
			projectDirPath = "";
			projectRoot = "";
			targets = (
				63421C912C011225003A2280 /* MotoryTask */,
			);
		};
/* End PBXProject section */

/* Begin PBXResourcesBuildPhase section */
		63421C902C011225003A2280 /* Resources */ = {
			isa = PBXResourcesBuildPhase;
			buildActionMask = 2147483647;
			files = (
				63421C9F2C011227003A2280 /* Assets.xcassets in Resources */,
				63421CC52C012179003A2280 /* ResultCollectionViewCell.xib in Resources */,
				63421CA22C011227003A2280 /* Base in Resources */,
				63421C9D2C011225003A2280 /* Base in Resources */,
			);
			runOnlyForDeploymentPostprocessing = 0;
		};
/* End PBXResourcesBuildPhase section */

/* Begin PBXShellScriptBuildPhase section */
		10B585DE2EDF966051CA0A94 /* [CP] Embed Pods Frameworks */ = {
			isa = PBXShellScriptBuildPhase;
			buildActionMask = 2147483647;
			files = (
			);
			inputFileListPaths = (
				"${PODS_ROOT}/Target Support Files/Pods-MotoryTask/Pods-MotoryTask-frameworks-${CONFIGURATION}-input-files.xcfilelist",
			);
			name = "[CP] Embed Pods Frameworks";
			outputFileListPaths = (
				"${PODS_ROOT}/Target Support Files/Pods-MotoryTask/Pods-MotoryTask-frameworks-${CONFIGURATION}-output-files.xcfilelist",
			);
			runOnlyForDeploymentPostprocessing = 0;
			shellPath = /bin/sh;
			shellScript = "\"${PODS_ROOT}/Target Support Files/Pods-MotoryTask/Pods-MotoryTask-frameworks.sh\"\n";
			showEnvVarsInLog = 0;
		};
		A51C4CF0869B2C78F45894B2 /* [CP] Check Pods Manifest.lock */ = {
			isa = PBXShellScriptBuildPhase;
			buildActionMask = 2147483647;
			files = (
			);
			inputFileListPaths = (
			);
			inputPaths = (
				"${PODS_PODFILE_DIR_PATH}/Podfile.lock",
				"${PODS_ROOT}/Manifest.lock",
			);
			name = "[CP] Check Pods Manifest.lock";
			outputFileListPaths = (
			);
			outputPaths = (
				"$(DERIVED_FILE_DIR)/Pods-MotoryTask-checkManifestLockResult.txt",
			);
			runOnlyForDeploymentPostprocessing = 0;
			shellPath = /bin/sh;
			shellScript = "diff \"${PODS_PODFILE_DIR_PATH}/Podfile.lock\" \"${PODS_ROOT}/Manifest.lock\" > /dev/null\nif [ $? != 0 ] ; then\n    # print error to STDERR\n    echo \"error: The sandbox is not in sync with the Podfile.lock. Run 'pod install' or update your CocoaPods installation.\" >&2\n    exit 1\nfi\n# This output is used by Xcode 'outputs' to avoid re-running this script phase.\necho \"SUCCESS\" > \"${SCRIPT_OUTPUT_FILE_0}\"\n";
			showEnvVarsInLog = 0;
		};
/* End PBXShellScriptBuildPhase section */

/* Begin PBXSourcesBuildPhase section */
		63421C8E2C011225003A2280 /* Sources */ = {
			isa = PBXSourcesBuildPhase;
			buildActionMask = 2147483647;
			files = (
				63421C9A2C011225003A2280 /* SearchListViewController.swift in Sources */,
				63421C962C011225003A2280 /* AppDelegate.swift in Sources */,
				63421CC12C011F10003A2280 /* RoundedView.swift in Sources */,
				6320DECE2C02934A0010833F /* SearchListModel.swift in Sources */,
				63421C982C011225003A2280 /* SceneDelegate.swift in Sources */,
				63421CC42C012179003A2280 /* ResultCollectionViewCell.swift in Sources */,
			);
			runOnlyForDeploymentPostprocessing = 0;
		};
/* End PBXSourcesBuildPhase section */

/* Begin PBXVariantGroup section */
		63421C9B2C011225003A2280 /* Main.storyboard */ = {
			isa = PBXVariantGroup;
			children = (
				63421C9C2C011225003A2280 /* Base */,
			);
			name = Main.storyboard;
			sourceTree = "<group>";
		};
		63421CA02C011227003A2280 /* LaunchScreen.storyboard */ = {
			isa = PBXVariantGroup;
			children = (
				63421CA12C011227003A2280 /* Base */,
			);
			name = LaunchScreen.storyboard;
			sourceTree = "<group>";
		};
/* End PBXVariantGroup section */

/* Begin XCBuildConfiguration section */
		63421CA42C011227003A2280 /* Debug */ = {
			isa = XCBuildConfiguration;
			buildSettings = {
				ALWAYS_SEARCH_USER_PATHS = NO;
				ASSETCATALOG_COMPILER_GENERATE_SWIFT_ASSET_SYMBOL_EXTENSIONS = YES;
				CLANG_ANALYZER_NONNULL = YES;
				CLANG_ANALYZER_NUMBER_OBJECT_CONVERSION = YES_AGGRESSIVE;
				CLANG_CXX_LANGUAGE_STANDARD = "gnu++20";
				CLANG_ENABLE_MODULES = YES;
				CLANG_ENABLE_OBJC_ARC = YES;
				CLANG_ENABLE_OBJC_WEAK = YES;
				CLANG_WARN_BLOCK_CAPTURE_AUTORELEASING = YES;
				CLANG_WARN_BOOL_CONVERSION = YES;
				CLANG_WARN_COMMA = YES;
				CLANG_WARN_CONSTANT_CONVERSION = YES;
				CLANG_WARN_DEPRECATED_OBJC_IMPLEMENTATIONS = YES;
				CLANG_WARN_DIRECT_OBJC_ISA_USAGE = YES_ERROR;
				CLANG_WARN_DOCUMENTATION_COMMENTS = YES;
				CLANG_WARN_EMPTY_BODY = YES;
				CLANG_WARN_ENUM_CONVERSION = YES;
				CLANG_WARN_INFINITE_RECURSION = YES;
				CLANG_WARN_INT_CONVERSION = YES;
				CLANG_WARN_NON_LITERAL_NULL_CONVERSION = YES;
				CLANG_WARN_OBJC_IMPLICIT_RETAIN_SELF = YES;
				CLANG_WARN_OBJC_LITERAL_CONVERSION = YES;
				CLANG_WARN_OBJC_ROOT_CLASS = YES_ERROR;
				CLANG_WARN_QUOTED_INCLUDE_IN_FRAMEWORK_HEADER = YES;
				CLANG_WARN_RANGE_LOOP_ANALYSIS = YES;
				CLANG_WARN_STRICT_PROTOTYPES = YES;
				CLANG_WARN_SUSPICIOUS_MOVE = YES;
				CLANG_WARN_UNGUARDED_AVAILABILITY = YES_AGGRESSIVE;
				CLANG_WARN_UNREACHABLE_CODE = YES;
				CLANG_WARN__DUPLICATE_METHOD_MATCH = YES;
				COPY_PHASE_STRIP = NO;
				DEBUG_INFORMATION_FORMAT = dwarf;
				ENABLE_STRICT_OBJC_MSGSEND = YES;
				ENABLE_TESTABILITY = YES;
				ENABLE_USER_SCRIPT_SANDBOXING = YES;
				GCC_C_LANGUAGE_STANDARD = gnu17;
				GCC_DYNAMIC_NO_PIC = NO;
				GCC_NO_COMMON_BLOCKS = YES;
				GCC_OPTIMIZATION_LEVEL = 0;
				GCC_PREPROCESSOR_DEFINITIONS = (
					"DEBUG=1",
					"$(inherited)",
				);
				GCC_WARN_64_TO_32_BIT_CONVERSION = YES;
				GCC_WARN_ABOUT_RETURN_TYPE = YES_ERROR;
				GCC_WARN_UNDECLARED_SELECTOR = YES;
				GCC_WARN_UNINITIALIZED_AUTOS = YES_AGGRESSIVE;
				GCC_WARN_UNUSED_FUNCTION = YES;
				GCC_WARN_UNUSED_VARIABLE = YES;
				IPHONEOS_DEPLOYMENT_TARGET = 17.4;
				LOCALIZATION_PREFERS_STRING_CATALOGS = YES;
				MTL_ENABLE_DEBUG_INFO = INCLUDE_SOURCE;
				MTL_FAST_MATH = YES;
				ONLY_ACTIVE_ARCH = YES;
				SDKROOT = iphoneos;
				SWIFT_ACTIVE_COMPILATION_CONDITIONS = "DEBUG $(inherited)";
				SWIFT_OPTIMIZATION_LEVEL = "-Onone";
			};
			name = Debug;
		};
		63421CA52C011227003A2280 /* Release */ = {
			isa = XCBuildConfiguration;
			buildSettings = {
				ALWAYS_SEARCH_USER_PATHS = NO;
				ASSETCATALOG_COMPILER_GENERATE_SWIFT_ASSET_SYMBOL_EXTENSIONS = YES;
				CLANG_ANALYZER_NONNULL = YES;
				CLANG_ANALYZER_NUMBER_OBJECT_CONVERSION = YES_AGGRESSIVE;
				CLANG_CXX_LANGUAGE_STANDARD = "gnu++20";
				CLANG_ENABLE_MODULES = YES;
				CLANG_ENABLE_OBJC_ARC = YES;
				CLANG_ENABLE_OBJC_WEAK = YES;
				CLANG_WARN_BLOCK_CAPTURE_AUTORELEASING = YES;
				CLANG_WARN_BOOL_CONVERSION = YES;
				CLANG_WARN_COMMA = YES;
				CLANG_WARN_CONSTANT_CONVERSION = YES;
				CLANG_WARN_DEPRECATED_OBJC_IMPLEMENTATIONS = YES;
				CLANG_WARN_DIRECT_OBJC_ISA_USAGE = YES_ERROR;
				CLANG_WARN_DOCUMENTATION_COMMENTS = YES;
				CLANG_WARN_EMPTY_BODY = YES;
				CLANG_WARN_ENUM_CONVERSION = YES;
				CLANG_WARN_INFINITE_RECURSION = YES;
				CLANG_WARN_INT_CONVERSION = YES;
				CLANG_WARN_NON_LITERAL_NULL_CONVERSION = YES;
				CLANG_WARN_OBJC_IMPLICIT_RETAIN_SELF = YES;
				CLANG_WARN_OBJC_LITERAL_CONVERSION = YES;
				CLANG_WARN_OBJC_ROOT_CLASS = YES_ERROR;
				CLANG_WARN_QUOTED_INCLUDE_IN_FRAMEWORK_HEADER = YES;
				CLANG_WARN_RANGE_LOOP_ANALYSIS = YES;
				CLANG_WARN_STRICT_PROTOTYPES = YES;
				CLANG_WARN_SUSPICIOUS_MOVE = YES;
				CLANG_WARN_UNGUARDED_AVAILABILITY = YES_AGGRESSIVE;
				CLANG_WARN_UNREACHABLE_CODE = YES;
				CLANG_WARN__DUPLICATE_METHOD_MATCH = YES;
				COPY_PHASE_STRIP = NO;
				DEBUG_INFORMATION_FORMAT = "dwarf-with-dsym";
				ENABLE_NS_ASSERTIONS = NO;
				ENABLE_STRICT_OBJC_MSGSEND = YES;
				ENABLE_USER_SCRIPT_SANDBOXING = YES;
				GCC_C_LANGUAGE_STANDARD = gnu17;
				GCC_NO_COMMON_BLOCKS = YES;
				GCC_WARN_64_TO_32_BIT_CONVERSION = YES;
				GCC_WARN_ABOUT_RETURN_TYPE = YES_ERROR;
				GCC_WARN_UNDECLARED_SELECTOR = YES;
				GCC_WARN_UNINITIALIZED_AUTOS = YES_AGGRESSIVE;
				GCC_WARN_UNUSED_FUNCTION = YES;
				GCC_WARN_UNUSED_VARIABLE = YES;
				IPHONEOS_DEPLOYMENT_TARGET = 17.4;
				LOCALIZATION_PREFERS_STRING_CATALOGS = YES;
				MTL_ENABLE_DEBUG_INFO = NO;
				MTL_FAST_MATH = YES;
				SDKROOT = iphoneos;
				SWIFT_COMPILATION_MODE = wholemodule;
				VALIDATE_PRODUCT = YES;
			};
			name = Release;
		};
		63421CA72C011227003A2280 /* Debug */ = {
			isa = XCBuildConfiguration;
			baseConfigurationReference = 8C1882BC91F64ED8F137D2CE /* Pods-MotoryTask.debug.xcconfig */;
			buildSettings = {
				ASSETCATALOG_COMPILER_APPICON_NAME = AppIcon;
				ASSETCATALOG_COMPILER_GLOBAL_ACCENT_COLOR_NAME = AccentColor;
				CODE_SIGN_STYLE = Automatic;
				CURRENT_PROJECT_VERSION = 1;
				DEVELOPMENT_TEAM = 6FPT327ZTP;
				ENABLE_USER_SCRIPT_SANDBOXING = NO;
				GENERATE_INFOPLIST_FILE = YES;
				INFOPLIST_FILE = MotoryTask/Info.plist;
				INFOPLIST_KEY_UIApplicationSupportsIndirectInputEvents = YES;
				INFOPLIST_KEY_UILaunchStoryboardName = LaunchScreen;
				INFOPLIST_KEY_UIMainStoryboardFile = Main;
				INFOPLIST_KEY_UISupportedInterfaceOrientations_iPad = "UIInterfaceOrientationPortrait UIInterfaceOrientationPortraitUpsideDown UIInterfaceOrientationLandscapeLeft UIInterfaceOrientationLandscapeRight";
				INFOPLIST_KEY_UISupportedInterfaceOrientations_iPhone = "UIInterfaceOrientationPortrait UIInterfaceOrientationLandscapeLeft UIInterfaceOrientationLandscapeRight";
				LD_RUNPATH_SEARCH_PATHS = (
					"$(inherited)",
					"@executable_path/Frameworks",
				);
				MARKETING_VERSION = 1.0;
				PRODUCT_BUNDLE_IDENTIFIER = suhaib.MotoryTask;
				PRODUCT_NAME = "$(TARGET_NAME)";
				SWIFT_EMIT_LOC_STRINGS = YES;
				SWIFT_VERSION = 5.0;
				TARGETED_DEVICE_FAMILY = "1,2";
			};
			name = Debug;
		};
		63421CA82C011227003A2280 /* Release */ = {
			isa = XCBuildConfiguration;
			baseConfigurationReference = BC540990591BDE14B9D405DC /* Pods-MotoryTask.release.xcconfig */;
			buildSettings = {
				ASSETCATALOG_COMPILER_APPICON_NAME = AppIcon;
				ASSETCATALOG_COMPILER_GLOBAL_ACCENT_COLOR_NAME = AccentColor;
				CODE_SIGN_STYLE = Automatic;
				CURRENT_PROJECT_VERSION = 1;
				DEVELOPMENT_TEAM = 6FPT327ZTP;
				ENABLE_USER_SCRIPT_SANDBOXING = NO;
				GENERATE_INFOPLIST_FILE = YES;
				INFOPLIST_FILE = MotoryTask/Info.plist;
				INFOPLIST_KEY_UIApplicationSupportsIndirectInputEvents = YES;
				INFOPLIST_KEY_UILaunchStoryboardName = LaunchScreen;
				INFOPLIST_KEY_UIMainStoryboardFile = Main;
				INFOPLIST_KEY_UISupportedInterfaceOrientations_iPad = "UIInterfaceOrientationPortrait UIInterfaceOrientationPortraitUpsideDown UIInterfaceOrientationLandscapeLeft UIInterfaceOrientationLandscapeRight";
				INFOPLIST_KEY_UISupportedInterfaceOrientations_iPhone = "UIInterfaceOrientationPortrait UIInterfaceOrientationLandscapeLeft UIInterfaceOrientationLandscapeRight";
				LD_RUNPATH_SEARCH_PATHS = (
					"$(inherited)",
					"@executable_path/Frameworks",
				);
				MARKETING_VERSION = 1.0;
				PRODUCT_BUNDLE_IDENTIFIER = suhaib.MotoryTask;
				PRODUCT_NAME = "$(TARGET_NAME)";
				SWIFT_EMIT_LOC_STRINGS = YES;
				SWIFT_VERSION = 5.0;
				TARGETED_DEVICE_FAMILY = "1,2";
			};
			name = Release;
		};
/* End XCBuildConfiguration section */

/* Begin XCConfigurationList section */
		63421C8D2C011225003A2280 /* Build configuration list for PBXProject "MotoryTask" */ = {
			isa = XCConfigurationList;
			buildConfigurations = (
				63421CA42C011227003A2280 /* Debug */,
				63421CA52C011227003A2280 /* Release */,
			);
			defaultConfigurationIsVisible = 0;
			defaultConfigurationName = Release;
		};
		63421CA62C011227003A2280 /* Build configuration list for PBXNativeTarget "MotoryTask" */ = {
			isa = XCConfigurationList;
			buildConfigurations = (
				63421CA72C011227003A2280 /* Debug */,
				63421CA82C011227003A2280 /* Release */,
			);
			defaultConfigurationIsVisible = 0;
			defaultConfigurationName = Release;
		};
/* End XCConfigurationList section */
	};
	rootObject = 63421C8A2C011225003A2280 /* Project object */;
}
